
Microsoft Visual Studio Solution File, Format Version 12.00
# Visual Studio Version 16
VisualStudioVersion = 16.0.29709.97
MinimumVisualStudioVersion = 10.0.40219.1
Project("{FAE04EC0-301F-11D3-BF4B-00C04F79EFBC}") = "Helloo", "Helloo.csproj", "{3401841E-E412-478C-9AF2-26755A06A0F2}"
EndProject
Global
	GlobalSection(SolutionConfigurationPlatforms) = preSolution
		Debug|Any CPU = Debug|Any CPU
		Release|Any CPU = Release|Any CPU
	EndGlobalSection
	GlobalSection(ProjectConfigurationPlatforms) = postSolution
		{3401841E-E412-478C-9AF2-26755A06A0F2}.Debug|Any CPU.ActiveCfg = Debug|Any CPU
		{3401841E-E412-478C-9AF2-26755A06A0F2}.Debug|Any CPU.Build.0 = Debug|Any CPU
		{3401841E-E412-478C-9AF2-26755A06A0F2}.Release|Any CPU.ActiveCfg = Release|Any CPU
		{3401841E-E412-478C-9AF2-26755A06A0F2}.Release|Any CPU.Build.0 = Release|Any CPU
	EndGlobalSection
	GlobalSection(SolutionProperties) = preSolution
		HideSolutionNode = FALSE
	EndGlobalSection
	GlobalSection(ExtensibilityGlobals) = postSolution
		SolutionGuid = {C8ACC4C0-1814-42C0-8A82-FE80290D67FE}
	EndGlobalSection
EndGlobal
